{"version":4,"terraform_version":"1.9.0","serial":16,"lineage":"d7e40c79-8a29-0a86-fff5-f1091a0c8270","outputs":{"db_endpoint":{"value":"livingroom-cloud-rds-psql.clmgv4kpwj8n.us-east-1.rds.amazonaws.com:5432","type":"string"}},"resources":[{"mode":"managed","type":"aws_db_instance","name":"postgres","provider":"provider[\"registry.opentofu.org/hashicorp/aws\"]","instances":[{"schema_version":2,"attributes":{"address":"livingroom-cloud-rds-psql.clmgv4kpwj8n.us-east-1.rds.amazonaws.com","allocated_storage":20,"allow_major_version_upgrade":null,"apply_immediately":false,"arn":"arn:aws:rds:us-east-1:563791298580:db:livingroom-cloud-rds-psql","auto_minor_version_upgrade":true,"availability_zone":"us-east-1b","backup_retention_period":0,"backup_target":"region","backup_window":"07:12-07:42","blue_green_update":[],"ca_cert_identifier":"rds-ca-rsa2048-g1","character_set_name":"","copy_tags_to_snapshot":false,"custom_iam_instance_profile":"","customer_owned_ip_enabled":false,"db_name":"","db_subnet_group_name":"livingroom-cloud-rds-subnet-group","dedicated_log_volume":false,"delete_automated_backups":true,"deletion_protection":false,"domain":"","domain_auth_secret_arn":"","domain_dns_ips":[],"domain_fqdn":"","domain_iam_role_name":"","domain_ou":"","enabled_cloudwatch_logs_exports":[],"endpoint":"livingroom-cloud-rds-psql.clmgv4kpwj8n.us-east-1.rds.amazonaws.com:5432","engine":"postgres","engine_lifecycle_support":"open-source-rds-extended-support","engine_version":"17.2","engine_version_actual":"17.2","final_snapshot_identifier":null,"hosted_zone_id":"Z2R2ITUGPM61AM","iam_database_authentication_enabled":false,"id":"db-WE4OKDAZXUDA2WMP3XEQLTCXUA","identifier":"livingroom-cloud-rds-psql","identifier_prefix":"","instance_class":"db.t3.micro","iops":0,"kms_key_id":"","latest_restorable_time":"","license_model":"postgresql-license","listener_endpoint":[],"maintenance_window":"sun:09:51-sun:10:21","manage_master_user_password":null,"master_user_secret":[],"master_user_secret_kms_key_id":null,"max_allocated_storage":100,"monitoring_interval":0,"monitoring_role_arn":"","multi_az":false,"nchar_character_set_name":"","network_type":"IPV4","option_group_name":"default:postgres-17","parameter_group_name":"default.postgres17","password":"X?I1!?Q_3boS3B]z","performance_insights_enabled":false,"performance_insights_kms_key_id":"","performance_insights_retention_period":0,"port":5432,"publicly_accessible":true,"replica_mode":"","replicas":[],"replicate_source_db":"","resource_id":"db-WE4OKDAZXUDA2WMP3XEQLTCXUA","restore_to_point_in_time":[],"s3_import":[],"skip_final_snapshot":true,"snapshot_identifier":null,"status":"available","storage_encrypted":false,"storage_throughput":0,"storage_type":"gp2","tags":{"Name":"livingroom-cloud-rds-psql"},"tags_all":{"Name":"livingroom-cloud-rds-psql"},"timeouts":null,"timezone":"","upgrade_storage_config":null,"username":"exampleuser","vpc_security_group_ids":["sg-00a04a4cac2a9f0d9"]},"sensitive_attributes":[[{"type":"get_attr","value":"password"}]],"private":"eyJlMmJmYjczMC1lY2FhLTExZTYtOGY4OC0zNDM2M2JjN2M0YzAiOnsiY3JlYXRlIjozMDAwMDAwMDAwMDAwLCJkZWxldGUiOjM2MDAwMDAwMDAwMDAsInVwZGF0ZSI6NDgwMDAwMDAwMDAwMH0sInNjaGVtYV92ZXJzaW9uIjoiMiJ9","dependencies":["aws_db_subnet_group.rds_subnet_group","aws_security_group.rds_sg","aws_subnet.public_subnet_1","aws_subnet.public_subnet_2","aws_vpc.main","random_password.db_password"]}]},{"mode":"managed","type":"aws_db_subnet_group","name":"rds_subnet_group","provider":"provider[\"registry.opentofu.org/hashicorp/aws\"]","instances":[{"schema_version":0,"attributes":{"arn":"arn:aws:rds:us-east-1:563791298580:subgrp:livingroom-cloud-rds-subnet-group","description":"Managed by Terraform","id":"livingroom-cloud-rds-subnet-group","name":"livingroom-cloud-rds-subnet-group","name_prefix":"","subnet_ids":["subnet-0dd37f8033b08d82b","subnet-0fd502db8964687b6"],"supported_network_types":["IPV4"],"tags":{"Name":"livingroom-cloud-rds-subnet-group"},"tags_all":{"Name":"livingroom-cloud-rds-subnet-group"},"vpc_id":"vpc-03569f9e2d48c9c63"},"sensitive_attributes":[],"private":"bnVsbA==","dependencies":["aws_subnet.public_subnet_1","aws_subnet.public_subnet_2","aws_vpc.main"]}]},{"mode":"managed","type":"aws_internet_gateway","name":"gw","provider":"provider[\"registry.opentofu.org/hashicorp/aws\"]","instances":[{"schema_version":0,"attributes":{"arn":"arn:aws:ec2:us-east-1:563791298580:internet-gateway/igw-0b749eab4796040b7","id":"igw-0b749eab4796040b7","owner_id":"563791298580","tags":{"Name":"livingroom-cloud-igw"},"tags_all":{"Name":"livingroom-cloud-igw"},"timeouts":null,"vpc_id":"vpc-03569f9e2d48c9c63"},"sensitive_attributes":[],"private":"eyJlMmJmYjczMC1lY2FhLTExZTYtOGY4OC0zNDM2M2JjN2M0YzAiOnsiY3JlYXRlIjoxMjAwMDAwMDAwMDAwLCJkZWxldGUiOjEyMDAwMDAwMDAwMDAsInVwZGF0ZSI6MTIwMDAwMDAwMDAwMH19","dependencies":["aws_vpc.main"]}]},{"mode":"managed","type":"aws_route","name":"default_route","provider":"provider[\"registry.opentofu.org/hashicorp/aws\"]","instances":[{"schema_version":0,"attributes":{"carrier_gateway_id":"","core_network_arn":"","destination_cidr_block":"0.0.0.0/0","destination_ipv6_cidr_block":"","destination_prefix_list_id":"","egress_only_gateway_id":"","gateway_id":"igw-0b749eab4796040b7","id":"r-rtb-0237904442bf2b7a21080289494","instance_id":"","instance_owner_id":"","local_gateway_id":"","nat_gateway_id":"","network_interface_id":"","origin":"CreateRoute","route_table_id":"rtb-0237904442bf2b7a2","state":"active","timeouts":null,"transit_gateway_id":"","vpc_endpoint_id":"","vpc_peering_connection_id":""},"sensitive_attributes":[],"private":"eyJlMmJmYjczMC1lY2FhLTExZTYtOGY4OC0zNDM2M2JjN2M0YzAiOnsiY3JlYXRlIjozMDAwMDAwMDAwMDAsImRlbGV0ZSI6MzAwMDAwMDAwMDAwLCJ1cGRhdGUiOjEyMDAwMDAwMDAwMH19","dependencies":["aws_internet_gateway.gw","aws_route_table.public_rt","aws_vpc.main"]}]},{"mode":"managed","type":"aws_route_table","name":"public_rt","provider":"provider[\"registry.opentofu.org/hashicorp/aws\"]","instances":[{"schema_version":0,"attributes":{"arn":"arn:aws:ec2:us-east-1:563791298580:route-table/rtb-0237904442bf2b7a2","id":"rtb-0237904442bf2b7a2","owner_id":"563791298580","propagating_vgws":[],"route":[{"carrier_gateway_id":"","cidr_block":"0.0.0.0/0","core_network_arn":"","destination_prefix_list_id":"","egress_only_gateway_id":"","gateway_id":"igw-0b749eab4796040b7","ipv6_cidr_block":"","local_gateway_id":"","nat_gateway_id":"","network_interface_id":"","transit_gateway_id":"","vpc_endpoint_id":"","vpc_peering_connection_id":""}],"tags":{"Name":"livingroom-cloud-public-rt"},"tags_all":{"Name":"livingroom-cloud-public-rt"},"timeouts":null,"vpc_id":"vpc-03569f9e2d48c9c63"},"sensitive_attributes":[],"private":"eyJlMmJmYjczMC1lY2FhLTExZTYtOGY4OC0zNDM2M2JjN2M0YzAiOnsiY3JlYXRlIjozMDAwMDAwMDAwMDAsImRlbGV0ZSI6MzAwMDAwMDAwMDAwLCJ1cGRhdGUiOjEyMDAwMDAwMDAwMH19","dependencies":["aws_vpc.main"]}]},{"mode":"managed","type":"aws_route_table_association","name":"public_rt_assoc_1","provider":"provider[\"registry.opentofu.org/hashicorp/aws\"]","instances":[{"schema_version":0,"attributes":{"gateway_id":"","id":"rtbassoc-08bf82f199bab1f70","route_table_id":"rtb-0237904442bf2b7a2","subnet_id":"subnet-0dd37f8033b08d82b","timeouts":null},"sensitive_attributes":[],"private":"eyJlMmJmYjczMC1lY2FhLTExZTYtOGY4OC0zNDM2M2JjN2M0YzAiOnsiY3JlYXRlIjozMDAwMDAwMDAwMDAsImRlbGV0ZSI6MzAwMDAwMDAwMDAwLCJ1cGRhdGUiOjEyMDAwMDAwMDAwMH19","dependencies":["aws_route_table.public_rt","aws_subnet.public_subnet_1","aws_vpc.main"]}]},{"mode":"managed","type":"aws_route_table_association","name":"public_rt_assoc_2","provider":"provider[\"registry.opentofu.org/hashicorp/aws\"]","instances":[{"schema_version":0,"attributes":{"gateway_id":"","id":"rtbassoc-0e8bc2facf43ad7bd","route_table_id":"rtb-0237904442bf2b7a2","subnet_id":"subnet-0fd502db8964687b6","timeouts":null},"sensitive_attributes":[],"private":"eyJlMmJmYjczMC1lY2FhLTExZTYtOGY4OC0zNDM2M2JjN2M0YzAiOnsiY3JlYXRlIjozMDAwMDAwMDAwMDAsImRlbGV0ZSI6MzAwMDAwMDAwMDAwLCJ1cGRhdGUiOjEyMDAwMDAwMDAwMH19","dependencies":["aws_route_table.public_rt","aws_subnet.public_subnet_2","aws_vpc.main"]}]},{"mode":"managed","type":"aws_secretsmanager_secret","name":"rds_password","provider":"provider[\"registry.opentofu.org/hashicorp/aws\"]","instances":[{"schema_version":0,"attributes":{"arn":"arn:aws:secretsmanager:us-east-1:563791298580:secret:livingroom-cloud-rds-psql-passwd-VlQENq","description":"Auto-generated RDS master password","force_overwrite_replica_secret":false,"id":"arn:aws:secretsmanager:us-east-1:563791298580:secret:livingroom-cloud-rds-psql-passwd-VlQENq","kms_key_id":"","name":"livingroom-cloud-rds-psql-passwd","name_prefix":"","policy":"","recovery_window_in_days":30,"replica":[],"tags":{},"tags_all":{}},"sensitive_attributes":[],"private":"bnVsbA=="}]},{"mode":"managed","type":"aws_secretsmanager_secret_version","name":"rds_password_version","provider":"provider[\"registry.opentofu.org/hashicorp/aws\"]","instances":[{"schema_version":0,"attributes":{"arn":"arn:aws:secretsmanager:us-east-1:563791298580:secret:livingroom-cloud-rds-psql-passwd-VlQENq","id":"arn:aws:secretsmanager:us-east-1:563791298580:secret:livingroom-cloud-rds-psql-passwd-VlQENq|terraform-20250124180830463900000002","secret_binary":"","secret_id":"arn:aws:secretsmanager:us-east-1:563791298580:secret:livingroom-cloud-rds-psql-passwd-VlQENq","secret_string":"X?I1!?Q_3boS3B]z","version_id":"terraform-20250124180830463900000002","version_stages":["AWSCURRENT"]},"sensitive_attributes":[[{"type":"get_attr","value":"secret_string"}],[{"type":"get_attr","value":"secret_binary"}]],"private":"bnVsbA==","dependencies":["aws_secretsmanager_secret.rds_password","random_password.db_password"]}]},{"mode":"managed","type":"aws_security_group","name":"rds_sg","provider":"provider[\"registry.opentofu.org/hashicorp/aws\"]","instances":[{"schema_version":1,"attributes":{"arn":"arn:aws:ec2:us-east-1:563791298580:security-group/sg-00a04a4cac2a9f0d9","description":"Allow PostgreSQL inbound traffic","egress":[{"cidr_blocks":["0.0.0.0/0"],"description":"","from_port":0,"ipv6_cidr_blocks":[],"prefix_list_ids":[],"protocol":"-1","security_groups":[],"self":false,"to_port":0}],"id":"sg-00a04a4cac2a9f0d9","ingress":[{"cidr_blocks":["174.44.101.54/32"],"description":"PostgreSQL inbound","from_port":5432,"ipv6_cidr_blocks":[],"prefix_list_ids":[],"protocol":"tcp","security_groups":[],"self":false,"to_port":5432}],"name":"rds-postgres-sg","name_prefix":"","owner_id":"563791298580","revoke_rules_on_delete":false,"tags":{"Name":"livingroom-cloud-rds-sg"},"tags_all":{"Name":"livingroom-cloud-rds-sg"},"timeouts":null,"vpc_id":"vpc-03569f9e2d48c9c63"},"sensitive_attributes":[],"private":"eyJlMmJmYjczMC1lY2FhLTExZTYtOGY4OC0zNDM2M2JjN2M0YzAiOnsiY3JlYXRlIjo2MDAwMDAwMDAwMDAsImRlbGV0ZSI6OTAwMDAwMDAwMDAwfSwic2NoZW1hX3ZlcnNpb24iOiIxIn0=","dependencies":["aws_vpc.main"]}]},{"mode":"managed","type":"aws_subnet","name":"public_subnet_1","provider":"provider[\"registry.opentofu.org/hashicorp/aws\"]","instances":[{"schema_version":1,"attributes":{"arn":"arn:aws:ec2:us-east-1:563791298580:subnet/subnet-0dd37f8033b08d82b","assign_ipv6_address_on_creation":false,"availability_zone":"us-east-1a","availability_zone_id":"use1-az4","cidr_block":"10.0.1.0/24","customer_owned_ipv4_pool":"","enable_dns64":false,"enable_lni_at_device_index":0,"enable_resource_name_dns_a_record_on_launch":false,"enable_resource_name_dns_aaaa_record_on_launch":false,"id":"subnet-0dd37f8033b08d82b","ipv6_cidr_block":"","ipv6_cidr_block_association_id":"","ipv6_native":false,"map_customer_owned_ip_on_launch":false,"map_public_ip_on_launch":true,"outpost_arn":"","owner_id":"563791298580","private_dns_hostname_type_on_launch":"ip-name","tags":{"Name":"livingroom-cloud-public-subnet-1"},"tags_all":{"Name":"livingroom-cloud-public-subnet-1"},"timeouts":null,"vpc_id":"vpc-03569f9e2d48c9c63"},"sensitive_attributes":[],"private":"eyJlMmJmYjczMC1lY2FhLTExZTYtOGY4OC0zNDM2M2JjN2M0YzAiOnsiY3JlYXRlIjo2MDAwMDAwMDAwMDAsImRlbGV0ZSI6MTIwMDAwMDAwMDAwMH0sInNjaGVtYV92ZXJzaW9uIjoiMSJ9","dependencies":["aws_vpc.main"]}]},{"mode":"managed","type":"aws_subnet","name":"public_subnet_2","provider":"provider[\"registry.opentofu.org/hashicorp/aws\"]","instances":[{"schema_version":1,"attributes":{"arn":"arn:aws:ec2:us-east-1:563791298580:subnet/subnet-0fd502db8964687b6","assign_ipv6_address_on_creation":false,"availability_zone":"us-east-1b","availability_zone_id":"use1-az6","cidr_block":"10.0.2.0/24","customer_owned_ipv4_pool":"","enable_dns64":false,"enable_lni_at_device_index":0,"enable_resource_name_dns_a_record_on_launch":false,"enable_resource_name_dns_aaaa_record_on_launch":false,"id":"subnet-0fd502db8964687b6","ipv6_cidr_block":"","ipv6_cidr_block_association_id":"","ipv6_native":false,"map_customer_owned_ip_on_launch":false,"map_public_ip_on_launch":true,"outpost_arn":"","owner_id":"563791298580","private_dns_hostname_type_on_launch":"ip-name","tags":{"Name":"livingroom-cloud-public-subnet-2"},"tags_all":{"Name":"livingroom-cloud-public-subnet-2"},"timeouts":null,"vpc_id":"vpc-03569f9e2d48c9c63"},"sensitive_attributes":[],"private":"eyJlMmJmYjczMC1lY2FhLTExZTYtOGY4OC0zNDM2M2JjN2M0YzAiOnsiY3JlYXRlIjo2MDAwMDAwMDAwMDAsImRlbGV0ZSI6MTIwMDAwMDAwMDAwMH0sInNjaGVtYV92ZXJzaW9uIjoiMSJ9","dependencies":["aws_vpc.main"]}]},{"mode":"managed","type":"aws_vpc","name":"main","provider":"provider[\"registry.opentofu.org/hashicorp/aws\"]","instances":[{"schema_version":1,"attributes":{"arn":"arn:aws:ec2:us-east-1:563791298580:vpc/vpc-03569f9e2d48c9c63","assign_generated_ipv6_cidr_block":false,"cidr_block":"10.0.0.0/16","default_network_acl_id":"acl-018495f0a4f158d51","default_route_table_id":"rtb-029587e3b588dc012","default_security_group_id":"sg-05ff88858c6f4fb97","dhcp_options_id":"dopt-47d24122","enable_dns_hostnames":true,"enable_dns_support":true,"enable_network_address_usage_metrics":false,"id":"vpc-03569f9e2d48c9c63","instance_tenancy":"default","ipv4_ipam_pool_id":null,"ipv4_netmask_length":null,"ipv6_association_id":"","ipv6_cidr_block":"","ipv6_cidr_block_network_border_group":"","ipv6_ipam_pool_id":"","ipv6_netmask_length":0,"main_route_table_id":"rtb-029587e3b588dc012","owner_id":"563791298580","tags":{"Name":"livingroom-cloud-vpc"},"tags_all":{"Name":"livingroom-cloud-vpc"}},"sensitive_attributes":[],"private":"eyJzY2hlbWFfdmVyc2lvbiI6IjEifQ=="}]},{"mode":"managed","type":"random_password","name":"db_password","provider":"provider[\"registry.opentofu.org/hashicorp/random\"]","instances":[{"schema_version":3,"attributes":{"bcrypt_hash":"$2a$10$EYWhqLtb4AhgkcgYR0G9MevCuyjto2AGl.waCZo.6ncO4KkT/D.bu","id":"none","keepers":null,"length":16,"lower":true,"min_lower":0,"min_numeric":0,"min_special":0,"min_upper":0,"number":true,"numeric":true,"override_special":"!#$%\u0026*()-_=+[]{}\u003c\u003e:?","result":"X?I1!?Q_3boS3B]z","special":true,"upper":true},"sensitive_attributes":[[{"type":"get_attr","value":"result"}],[{"type":"get_attr","value":"bcrypt_hash"}]]}]}],"check_results":null}
